
Microsoft Visual Studio Solution File, Format Version 12.00
# Visual Studio 15
VisualStudioVersion = 15.0.25807.0
MinimumVisualStudioVersion = 10.0.40219.1
Project("{2150E333-8FDC-42A3-9474-1A3956D46DE8}") = "Engine", "Engine", "{403339B1-7FDC-44DC-A4FC-9CCF0FA8673E}"
EndProject
Project("{2150E333-8FDC-42A3-9474-1A3956D46DE8}") = "Games", "Games", "{F2863A19-72E0-4C9B-915F-A4520E75E2E1}"
EndProject
Project("{8BC9CEB8-8B4A-11D0-8D11-00A0C91BC942}") = "UE4", "Intermediate\ProjectFiles\UE4.vcxproj", "{9A9BEF61-71CA-428E-B39B-40B2FD58CCEF}"
EndProject
Project("{8BC9CEB8-8B4A-11D0-8D11-00A0C91BC942}") = "BuildingEscape", "Intermediate\ProjectFiles\BuildingEscape.vcxproj", "{8F620043-CEDC-40CF-8216-3E6B24B18A51}"
EndProject
Global
	GlobalSection(SolutionConfigurationPlatforms) = preSolution
		DebugGame Editor|HTML5 = DebugGame Editor|HTML5
		DebugGame Editor|Win32 = DebugGame Editor|Win32
		DebugGame Editor|Win64 = DebugGame Editor|Win64
		DebugGame|HTML5 = DebugGame|HTML5
		DebugGame|Win32 = DebugGame|Win32
		DebugGame|Win64 = DebugGame|Win64
		Development Editor|HTML5 = Development Editor|HTML5
		Development Editor|Win32 = Development Editor|Win32
		Development Editor|Win64 = Development Editor|Win64
		Development|HTML5 = Development|HTML5
		Development|Win32 = Development|Win32
		Development|Win64 = Development|Win64
		Shipping|HTML5 = Shipping|HTML5
		Shipping|Win32 = Shipping|Win32
		Shipping|Win64 = Shipping|Win64
	EndGlobalSection
	GlobalSection(ProjectConfigurationPlatforms) = postSolution
		{9A9BEF61-71CA-428E-B39B-40B2FD58CCEF}.DebugGame Editor|HTML5.ActiveCfg = BuiltWithUnrealBuildTool|Win32
		{9A9BEF61-71CA-428E-B39B-40B2FD58CCEF}.DebugGame Editor|HTML5.Build.0 = BuiltWithUnrealBuildTool|Win32
		{9A9BEF61-71CA-428E-B39B-40B2FD58CCEF}.DebugGame Editor|Win32.ActiveCfg = BuiltWithUnrealBuildTool|Win32
		{9A9BEF61-71CA-428E-B39B-40B2FD58CCEF}.DebugGame Editor|Win32.Build.0 = BuiltWithUnrealBuildTool|Win32
		{9A9BEF61-71CA-428E-B39B-40B2FD58CCEF}.DebugGame Editor|Win64.ActiveCfg = BuiltWithUnrealBuildTool|Win32
		{9A9BEF61-71CA-428E-B39B-40B2FD58CCEF}.DebugGame Editor|Win64.Build.0 = BuiltWithUnrealBuildTool|Win32
		{9A9BEF61-71CA-428E-B39B-40B2FD58CCEF}.DebugGame|HTML5.ActiveCfg = BuiltWithUnrealBuildTool|Win32
		{9A9BEF61-71CA-428E-B39B-40B2FD58CCEF}.DebugGame|HTML5.Build.0 = BuiltWithUnrealBuildTool|Win32
		{9A9BEF61-71CA-428E-B39B-40B2FD58CCEF}.DebugGame|Win32.ActiveCfg = BuiltWithUnrealBuildTool|Win32
		{9A9BEF61-71CA-428E-B39B-40B2FD58CCEF}.DebugGame|Win32.Build.0 = BuiltWithUnrealBuildTool|Win32
		{9A9BEF61-71CA-428E-B39B-40B2FD58CCEF}.DebugGame|Win64.ActiveCfg = BuiltWithUnrealBuildTool|Win32
		{9A9BEF61-71CA-428E-B39B-40B2FD58CCEF}.DebugGame|Win64.Build.0 = BuiltWithUnrealBuildTool|Win32
		{9A9BEF61-71CA-428E-B39B-40B2FD58CCEF}.Development Editor|HTML5.ActiveCfg = BuiltWithUnrealBuildTool|Win32
		{9A9BEF61-71CA-428E-B39B-40B2FD58CCEF}.Development Editor|HTML5.Build.0 = BuiltWithUnrealBuildTool|Win32
		{9A9BEF61-71CA-428E-B39B-40B2FD58CCEF}.Development Editor|Win32.ActiveCfg = BuiltWithUnrealBuildTool|Win32
		{9A9BEF61-71CA-428E-B39B-40B2FD58CCEF}.Development Editor|Win32.Build.0 = BuiltWithUnrealBuildTool|Win32
		{9A9BEF61-71CA-428E-B39B-40B2FD58CCEF}.Development Editor|Win64.ActiveCfg = BuiltWithUnrealBuildTool|Win32
		{9A9BEF61-71CA-428E-B39B-40B2FD58CCEF}.Development Editor|Win64.Build.0 = BuiltWithUnrealBuildTool|Win32
		{9A9BEF61-71CA-428E-B39B-40B2FD58CCEF}.Development|HTML5.ActiveCfg = BuiltWithUnrealBuildTool|Win32
		{9A9BEF61-71CA-428E-B39B-40B2FD58CCEF}.Development|HTML5.Build.0 = BuiltWithUnrealBuildTool|Win32
		{9A9BEF61-71CA-428E-B39B-40B2FD58CCEF}.Development|Win32.ActiveCfg = BuiltWithUnrealBuildTool|Win32
		{9A9BEF61-71CA-428E-B39B-40B2FD58CCEF}.Development|Win32.Build.0 = BuiltWithUnrealBuildTool|Win32
		{9A9BEF61-71CA-428E-B39B-40B2FD58CCEF}.Development|Win64.ActiveCfg = BuiltWithUnrealBuildTool|Win32
		{9A9BEF61-71CA-428E-B39B-40B2FD58CCEF}.Development|Win64.Build.0 = BuiltWithUnrealBuildTool|Win32
		{9A9BEF61-71CA-428E-B39B-40B2FD58CCEF}.Shipping|HTML5.ActiveCfg = BuiltWithUnrealBuildTool|Win32
		{9A9BEF61-71CA-428E-B39B-40B2FD58CCEF}.Shipping|HTML5.Build.0 = BuiltWithUnrealBuildTool|Win32
		{9A9BEF61-71CA-428E-B39B-40B2FD58CCEF}.Shipping|Win32.ActiveCfg = BuiltWithUnrealBuildTool|Win32
		{9A9BEF61-71CA-428E-B39B-40B2FD58CCEF}.Shipping|Win32.Build.0 = BuiltWithUnrealBuildTool|Win32
		{9A9BEF61-71CA-428E-B39B-40B2FD58CCEF}.Shipping|Win64.ActiveCfg = BuiltWithUnrealBuildTool|Win32
		{9A9BEF61-71CA-428E-B39B-40B2FD58CCEF}.Shipping|Win64.Build.0 = BuiltWithUnrealBuildTool|Win32
		{8F620043-CEDC-40CF-8216-3E6B24B18A51}.DebugGame Editor|HTML5.ActiveCfg = HTML5_DebugGame_Editor|Win32
		{8F620043-CEDC-40CF-8216-3E6B24B18A51}.DebugGame Editor|Win32.ActiveCfg = DebugGame_Editor|Win32
		{8F620043-CEDC-40CF-8216-3E6B24B18A51}.DebugGame Editor|Win64.ActiveCfg = DebugGame_Editor|x64
		{8F620043-CEDC-40CF-8216-3E6B24B18A51}.DebugGame Editor|Win64.Build.0 = DebugGame_Editor|x64
		{8F620043-CEDC-40CF-8216-3E6B24B18A51}.DebugGame|HTML5.ActiveCfg = HTML5_DebugGame_Game|Win32
		{8F620043-CEDC-40CF-8216-3E6B24B18A51}.DebugGame|HTML5.Build.0 = HTML5_DebugGame_Game|Win32
		{8F620043-CEDC-40CF-8216-3E6B24B18A51}.DebugGame|Win32.ActiveCfg = DebugGame_Game|Win32
		{8F620043-CEDC-40CF-8216-3E6B24B18A51}.DebugGame|Win32.Build.0 = DebugGame_Game|Win32
		{8F620043-CEDC-40CF-8216-3E6B24B18A51}.DebugGame|Win64.ActiveCfg = DebugGame_Game|x64
		{8F620043-CEDC-40CF-8216-3E6B24B18A51}.DebugGame|Win64.Build.0 = DebugGame_Game|x64
		{8F620043-CEDC-40CF-8216-3E6B24B18A51}.Development Editor|HTML5.ActiveCfg = HTML5_Development_Editor|Win32
		{8F620043-CEDC-40CF-8216-3E6B24B18A51}.Development Editor|Win32.ActiveCfg = Development_Editor|Win32
		{8F620043-CEDC-40CF-8216-3E6B24B18A51}.Development Editor|Win64.ActiveCfg = Development_Editor|x64
		{8F620043-CEDC-40CF-8216-3E6B24B18A51}.Development Editor|Win64.Build.0 = Development_Editor|x64
		{8F620043-CEDC-40CF-8216-3E6B24B18A51}.Development|HTML5.ActiveCfg = HTML5_Development_Game|Win32
		{8F620043-CEDC-40CF-8216-3E6B24B18A51}.Development|HTML5.Build.0 = HTML5_Development_Game|Win32
		{8F620043-CEDC-40CF-8216-3E6B24B18A51}.Development|Win32.ActiveCfg = Development_Game|Win32
		{8F620043-CEDC-40CF-8216-3E6B24B18A51}.Development|Win32.Build.0 = Development_Game|Win32
		{8F620043-CEDC-40CF-8216-3E6B24B18A51}.Development|Win64.ActiveCfg = Development_Game|x64
		{8F620043-CEDC-40CF-8216-3E6B24B18A51}.Development|Win64.Build.0 = Development_Game|x64
		{8F620043-CEDC-40CF-8216-3E6B24B18A51}.Shipping|HTML5.ActiveCfg = HTML5_Shipping_Game|Win32
		{8F620043-CEDC-40CF-8216-3E6B24B18A51}.Shipping|HTML5.Build.0 = HTML5_Shipping_Game|Win32
		{8F620043-CEDC-40CF-8216-3E6B24B18A51}.Shipping|Win32.ActiveCfg = Shipping_Game|Win32
		{8F620043-CEDC-40CF-8216-3E6B24B18A51}.Shipping|Win32.Build.0 = Shipping_Game|Win32
		{8F620043-CEDC-40CF-8216-3E6B24B18A51}.Shipping|Win64.ActiveCfg = Shipping_Game|x64
		{8F620043-CEDC-40CF-8216-3E6B24B18A51}.Shipping|Win64.Build.0 = Shipping_Game|x64
	EndGlobalSection
	GlobalSection(SolutionProperties) = preSolution
		HideSolutionNode = FALSE
	EndGlobalSection
	GlobalSection(NestedProjects) = preSolution
		{9A9BEF61-71CA-428E-B39B-40B2FD58CCEF} = {403339B1-7FDC-44DC-A4FC-9CCF0FA8673E}
		{8F620043-CEDC-40CF-8216-3E6B24B18A51} = {F2863A19-72E0-4C9B-915F-A4520E75E2E1}
	EndGlobalSection
	GlobalSection(ExtensibilityGlobals) = postSolution
		SolutionGuid = {3E04705D-631E-42C5-A249-E0116629B6C6}
	EndGlobalSection
EndGlobal
